
Microsoft Visual Studio Solution File, Format Version 12.00
# Visual Studio Version 17
VisualStudioVersion = 17.5.2.0
MinimumVisualStudioVersion = 10.0.40219.1
Project("{FAE04EC0-301F-11D3-BF4B-00C04F79EFBC}") = "WebApiProject", "WebApiProject.csproj", "{4E799478-5089-C438-7C86-60C3E719121C}"
EndProject
Project("{FAE04EC0-301F-11D3-BF4B-00C04F79EFBC}") = "WebApiProject.Application", "..\Application\WebApiProject.Application.csproj", "{4618590B-664E-46B4-809C-9C4EB8FD6602}"
EndProject
Project("{FAE04EC0-301F-11D3-BF4B-00C04F79EFBC}") = "WebApiProject.Domain", "..\Domain\WebApiProject.Domain.csproj", "{4C2C1941-5701-43D0-BCE7-1E2C4D6FD343}"
EndProject
Project("{FAE04EC0-301F-11D3-BF4B-00C04F79EFBC}") = "WebApiProject.Infrastructure", "..\Infrastructure\WebApiProject.Infrastructure.csproj", "{C2740889-616C-46D6-82BF-CE9857C6CAE0}"
EndProject
Global
	GlobalSection(SolutionConfigurationPlatforms) = preSolution
		Debug|Any CPU = Debug|Any CPU
		Debug|x64 = Debug|x64
		Debug|x86 = Debug|x86
		Release|Any CPU = Release|Any CPU
		Release|x64 = Release|x64
		Release|x86 = Release|x86
	EndGlobalSection
	GlobalSection(ProjectConfigurationPlatforms) = postSolution
		{4E799478-5089-C438-7C86-60C3E719121C}.Debug|Any CPU.ActiveCfg = Debug|Any CPU
		{4E799478-5089-C438-7C86-60C3E719121C}.Debug|Any CPU.Build.0 = Debug|Any CPU
		{4E799478-5089-C438-7C86-60C3E719121C}.Debug|x64.ActiveCfg = Debug|Any CPU
		{4E799478-5089-C438-7C86-60C3E719121C}.Debug|x64.Build.0 = Debug|Any CPU
		{4E799478-5089-C438-7C86-60C3E719121C}.Debug|x86.ActiveCfg = Debug|Any CPU
		{4E799478-5089-C438-7C86-60C3E719121C}.Debug|x86.Build.0 = Debug|Any CPU
		{4E799478-5089-C438-7C86-60C3E719121C}.Release|Any CPU.ActiveCfg = Release|Any CPU
		{4E799478-5089-C438-7C86-60C3E719121C}.Release|Any CPU.Build.0 = Release|Any CPU
		{4E799478-5089-C438-7C86-60C3E719121C}.Release|x64.ActiveCfg = Release|Any CPU
		{4E799478-5089-C438-7C86-60C3E719121C}.Release|x64.Build.0 = Release|Any CPU
		{4E799478-5089-C438-7C86-60C3E719121C}.Release|x86.ActiveCfg = Release|Any CPU
		{4E799478-5089-C438-7C86-60C3E719121C}.Release|x86.Build.0 = Release|Any CPU
		{4618590B-664E-46B4-809C-9C4EB8FD6602}.Debug|Any CPU.ActiveCfg = Debug|Any CPU
		{4618590B-664E-46B4-809C-9C4EB8FD6602}.Debug|Any CPU.Build.0 = Debug|Any CPU
		{4618590B-664E-46B4-809C-9C4EB8FD6602}.Debug|x64.ActiveCfg = Debug|Any CPU
		{4618590B-664E-46B4-809C-9C4EB8FD6602}.Debug|x64.Build.0 = Debug|Any CPU
		{4618590B-664E-46B4-809C-9C4EB8FD6602}.Debug|x86.ActiveCfg = Debug|Any CPU
		{4618590B-664E-46B4-809C-9C4EB8FD6602}.Debug|x86.Build.0 = Debug|Any CPU
		{4618590B-664E-46B4-809C-9C4EB8FD6602}.Release|Any CPU.ActiveCfg = Release|Any CPU
		{4618590B-664E-46B4-809C-9C4EB8FD6602}.Release|Any CPU.Build.0 = Release|Any CPU
		{4618590B-664E-46B4-809C-9C4EB8FD6602}.Release|x64.ActiveCfg = Release|Any CPU
		{4618590B-664E-46B4-809C-9C4EB8FD6602}.Release|x64.Build.0 = Release|Any CPU
		{4618590B-664E-46B4-809C-9C4EB8FD6602}.Release|x86.ActiveCfg = Release|Any CPU
		{4618590B-664E-46B4-809C-9C4EB8FD6602}.Release|x86.Build.0 = Release|Any CPU
		{4C2C1941-5701-43D0-BCE7-1E2C4D6FD343}.Debug|Any CPU.ActiveCfg = Debug|Any CPU
		{4C2C1941-5701-43D0-BCE7-1E2C4D6FD343}.Debug|Any CPU.Build.0 = Debug|Any CPU
		{4C2C1941-5701-43D0-BCE7-1E2C4D6FD343}.Debug|x64.ActiveCfg = Debug|Any CPU
		{4C2C1941-5701-43D0-BCE7-1E2C4D6FD343}.Debug|x64.Build.0 = Debug|Any CPU
		{4C2C1941-5701-43D0-BCE7-1E2C4D6FD343}.Debug|x86.ActiveCfg = Debug|Any CPU
		{4C2C1941-5701-43D0-BCE7-1E2C4D6FD343}.Debug|x86.Build.0 = Debug|Any CPU
		{4C2C1941-5701-43D0-BCE7-1E2C4D6FD343}.Release|Any CPU.ActiveCfg = Release|Any CPU
		{4C2C1941-5701-43D0-BCE7-1E2C4D6FD343}.Release|Any CPU.Build.0 = Release|Any CPU
		{4C2C1941-5701-43D0-BCE7-1E2C4D6FD343}.Release|x64.ActiveCfg = Release|Any CPU
		{4C2C1941-5701-43D0-BCE7-1E2C4D6FD343}.Release|x64.Build.0 = Release|Any CPU
		{4C2C1941-5701-43D0-BCE7-1E2C4D6FD343}.Release|x86.ActiveCfg = Release|Any CPU
		{4C2C1941-5701-43D0-BCE7-1E2C4D6FD343}.Release|x86.Build.0 = Release|Any CPU
		{C2740889-616C-46D6-82BF-CE9857C6CAE0}.Debug|Any CPU.ActiveCfg = Debug|Any CPU
		{C2740889-616C-46D6-82BF-CE9857C6CAE0}.Debug|Any CPU.Build.0 = Debug|Any CPU
		{C2740889-616C-46D6-82BF-CE9857C6CAE0}.Debug|x64.ActiveCfg = Debug|Any CPU
		{C2740889-616C-46D6-82BF-CE9857C6CAE0}.Debug|x64.Build.0 = Debug|Any CPU
		{C2740889-616C-46D6-82BF-CE9857C6CAE0}.Debug|x86.ActiveCfg = Debug|Any CPU
		{C2740889-616C-46D6-82BF-CE9857C6CAE0}.Debug|x86.Build.0 = Debug|Any CPU
		{C2740889-616C-46D6-82BF-CE9857C6CAE0}.Release|Any CPU.ActiveCfg = Release|Any CPU
		{C2740889-616C-46D6-82BF-CE9857C6CAE0}.Release|Any CPU.Build.0 = Release|Any CPU
		{C2740889-616C-46D6-82BF-CE9857C6CAE0}.Release|x64.ActiveCfg = Release|Any CPU
		{C2740889-616C-46D6-82BF-CE9857C6CAE0}.Release|x64.Build.0 = Release|Any CPU
		{C2740889-616C-46D6-82BF-CE9857C6CAE0}.Release|x86.ActiveCfg = Release|Any CPU
		{C2740889-616C-46D6-82BF-CE9857C6CAE0}.Release|x86.Build.0 = Release|Any CPU
	EndGlobalSection
	GlobalSection(SolutionProperties) = preSolution
		HideSolutionNode = FALSE
	EndGlobalSection
	GlobalSection(ExtensibilityGlobals) = postSolution
		SolutionGuid = {3BAFFAAA-EBF1-45D3-A3C7-431424FA3F43}
	EndGlobalSection
EndGlobal
